// !$*UTF8*$!
{
	archiveVersion = 1;
	classes = {
	};
	objectVersion = 46;
	objects = {

/* Begin PBXBuildFile section */
		4F296AA81EB3C56500301B0C /* AppDelegate.swift in Sources */ = {isa = PBXBuildFile; fileRef = 4F296AA71EB3C56500301B0C /* AppDelegate.swift */; };
		4F296AAF1EB3C56500301B0C /* Main.storyboard in Resources */ = {isa = PBXBuildFile; fileRef = 4F296AAD1EB3C56500301B0C /* Main.storyboard */; };
		4F296AB11EB3C56500301B0C /* Assets.xcassets in Resources */ = {isa = PBXBuildFile; fileRef = 4F296AB01EB3C56500301B0C /* Assets.xcassets */; };
		4F5656861EB759B900C7B1AA /* RSSController.swift in Sources */ = {isa = PBXBuildFile; fileRef = 4F5656851EB759B900C7B1AA /* RSSController.swift */; };
/* End PBXBuildFile section */

/* Begin PBXFileReference section */
		4F296AA41EB3C56500301B0C /* mynews.app */ = {isa = PBXFileReference; explicitFileType = wrapper.application; includeInIndex = 0; path = mynews.app; sourceTree = BUILT_PRODUCTS_DIR; };
		4F296AA71EB3C56500301B0C /* AppDelegate.swift */ = {isa = PBXFileReference; lastKnownFileType = sourcecode.swift; path = AppDelegate.swift; sourceTree = "<group>"; };
		4F296AAE1EB3C56500301B0C /* Base */ = {isa = PBXFileReference; lastKnownFileType = file.storyboard; name = Base; path = Base.lproj/Main.storyboard; sourceTree = "<group>"; };
		4F296AB01EB3C56500301B0C /* Assets.xcassets */ = {isa = PBXFileReference; lastKnownFileType = folder.assetcatalog; path = Assets.xcassets; sourceTree = "<group>"; };
		4F296AB21EB3C56500301B0C /* Info.plist */ = {isa = PBXFileReference; lastKnownFileType = text.plist.xml; path = Info.plist; sourceTree = "<group>"; };
		4F5656851EB759B900C7B1AA /* RSSController.swift */ = {isa = PBXFileReference; fileEncoding = 4; lastKnownFileType = sourcecode.swift; path = RSSController.swift; sourceTree = "<group>"; };
/* End PBXFileReference section */

/* Begin PBXFrameworksBuildPhase section */
		4F296AA11EB3C56500301B0C /* Frameworks */ = {
			isa = PBXFrameworksBuildPhase;
			buildActionMask = 2147483647;
			files = (
			);
			runOnlyForDeploymentPostprocessing = 0;
		};
/* End PBXFrameworksBuildPhase section */

/* Begin PBXGroup section */
		4F296A9B1EB3C56500301B0C = {
			isa = PBXGroup;
			children = (
				4F296AA61EB3C56500301B0C /* mynews */,
				4F296AA51EB3C56500301B0C /* Products */,
			);
			sourceTree = "<group>";
		};
		4F296AA51EB3C56500301B0C /* Products */ = {
			isa = PBXGroup;
			children = (
				4F296AA41EB3C56500301B0C /* mynews.app */,
			);
			name = Products;
			sourceTree = "<group>";
		};
		4F296AA61EB3C56500301B0C /* mynews */ = {
			isa = PBXGroup;
			children = (
				4F296AA71EB3C56500301B0C /* AppDelegate.swift */,
				4F296AAD1EB3C56500301B0C /* Main.storyboard */,
				4F296AB01EB3C56500301B0C /* Assets.xcassets */,
				4F296AB21EB3C56500301B0C /* Info.plist */,
				4F5656851EB759B900C7B1AA /* RSSController.swift */,
			);
			path = mynews;
			sourceTree = "<group>";
		};
/* End PBXGroup section */

/* Begin PBXNativeTarget section */
		4F296AA31EB3C56500301B0C /* mynews */ = {
			isa = PBXNativeTarget;
			buildConfigurationList = 4F296AB51EB3C56500301B0C /* Build configuration list for PBXNativeTarget "mynews" */;
			buildPhases = (
				4F296AA01EB3C56500301B0C /* Sources */,
				4F296AA11EB3C56500301B0C /* Frameworks */,
				4F296AA21EB3C56500301B0C /* Resources */,
			);
			buildRules = (
			);
			dependencies = (
			);
			name = mynews;
			productName = mynews;
			productReference = 4F296AA41EB3C56500301B0C /* mynews.app */;
			productType = "com.apple.product-type.application";
		};
/* End PBXNativeTarget section */

/* Begin PBXProject section */
		4F296A9C1EB3C56500301B0C /* Project object */ = {
			isa = PBXProject;
			attributes = {
				LastSwiftUpdateCheck = 0830;
				LastUpgradeCheck = 0830;
				ORGANIZATIONNAME = "Thomas Alexnat";
				TargetAttributes = {
					4F296AA31EB3C56500301B0C = {
						CreatedOnToolsVersion = 8.3.2;
						DevelopmentTeam = H66RQHXQ44;
						ProvisioningStyle = Automatic;
					};
				};
			};
			buildConfigurationList = 4F296A9F1EB3C56500301B0C /* Build configuration list for PBXProject "mynews" */;
			compatibilityVersion = "Xcode 3.2";
			developmentRegion = English;
			hasScannedForEncodings = 0;
			knownRegions = (
				en,
				Base,
			);
			mainGroup = 4F296A9B1EB3C56500301B0C;
			productRefGroup = 4F296AA51EB3C56500301B0C /* Products */;
			projectDirPath = "";
			projectRoot = "";
			targets = (
				4F296AA31EB3C56500301B0C /* mynews */,
			);
		};
/* End PBXProject section */

/* Begin PBXResourcesBuildPhase section */
		4F296AA21EB3C56500301B0C /* Resources */ = {
			isa = PBXResourcesBuildPhase;
			buildActionMask = 2147483647;
			files = (
				4F296AB11EB3C56500301B0C /* Assets.xcassets in Resources */,
				4F296AAF1EB3C56500301B0C /* Main.storyboard in Resources */,
			);
			runOnlyForDeploymentPostprocessing = 0;
		};
/* End PBXResourcesBuildPhase section */

/* Begin PBXSourcesBuildPhase section */
		4F296AA01EB3C56500301B0C /* Sources */ = {
			isa = PBXSourcesBuildPhase;
			buildActionMask = 2147483647;
			files = (
				4F5656861EB759B900C7B1AA /* RSSController.swift in Sources */,
				4F296AA81EB3C56500301B0C /* AppDelegate.swift in Sources */,
			);
			runOnlyForDeploymentPostprocessing = 0;
		};
/* End PBXSourcesBuildPhase section */

/* Begin PBXVariantGroup section */
		4F296AAD1EB3C56500301B0C /* Main.storyboard */ = {
			isa = PBXVariantGroup;
			children = (
				4F296AAE1EB3C56500301B0C /* Base */,
			);
			name = Main.storyboard;
			sourceTree = "<group>";
		};
/* End PBXVariantGroup section */

/* Begin XCBuildConfiguration section */
		4F296AB31EB3C56500301B0C /* Debug */ = {
			isa = XCBuildConfiguration;
			buildSettings = {
				ALWAYS_SEARCH_USER_PATHS = NO;
				CLANG_ANALYZER_NONNULL = YES;
				CLANG_ANALYZER_NUMBER_OBJECT_CONVERSION = YES_AGGRESSIVE;
				CLANG_CXX_LANGUAGE_STANDARD = "gnu++0x";
				CLANG_CXX_LIBRARY = "libc++";
				CLANG_ENABLE_MODULES = YES;
				CLANG_ENABLE_OBJC_ARC = YES;
				CLANG_WARN_BOOL_CONVERSION = YES;
				CLANG_WARN_CONSTANT_CONVERSION = YES;
				CLANG_WARN_DIRECT_OBJC_ISA_USAGE = YES_ERROR;
				CLANG_WARN_DOCUMENTATION_COMMENTS = YES;
				CLANG_WARN_EMPTY_BODY = YES;
				CLANG_WARN_ENUM_CONVERSION = YES;
				CLANG_WARN_INFINITE_RECURSION = YES;
				CLANG_WARN_INT_CONVERSION = YES;
				CLANG_WARN_OBJC_ROOT_CLASS = YES_ERROR;
				CLANG_WARN_SUSPICIOUS_MOVE = YES;
				CLANG_WARN_UNREACHABLE_CODE = YES;
				CLANG_WARN__DUPLICATE_METHOD_MATCH = YES;
				COPY_PHASE_STRIP = NO;
				DEBUG_INFORMATION_FORMAT = dwarf;
				ENABLE_STRICT_OBJC_MSGSEND = YES;
				ENABLE_TESTABILITY = YES;
				GCC_C_LANGUAGE_STANDARD = gnu99;
				GCC_DYNAMIC_NO_PIC = NO;
				GCC_NO_COMMON_BLOCKS = YES;
				GCC_OPTIMIZATION_LEVEL = 0;
				GCC_PREPROCESSOR_DEFINITIONS = (
					"DEBUG=1",
					"$(inherited)",
				);
				GCC_WARN_64_TO_32_BIT_CONVERSION = YES;
				GCC_WARN_ABOUT_RETURN_TYPE = YES_ERROR;
				GCC_WARN_UNDECLARED_SELECTOR = YES;
				GCC_WARN_UNINITIALIZED_AUTOS = YES_AGGRESSIVE;
				GCC_WARN_UNUSED_FUNCTION = YES;
				GCC_WARN_UNUSED_VARIABLE = YES;
				MTL_ENABLE_DEBUG_INFO = YES;
				ONLY_ACTIVE_ARCH = YES;
				SDKROOT = appletvos;
				SWIFT_ACTIVE_COMPILATION_CONDITIONS = DEBUG;
				SWIFT_OPTIMIZATION_LEVEL = "-Onone";
				TARGETED_DEVICE_FAMILY = 3;
				TVOS_DEPLOYMENT_TARGET = 10.2;
			};
			name = Debug;
		};
		4F296AB41EB3C56500301B0C /* Release */ = {
			isa = XCBuildConfiguration;
			buildSettings = {
				ALWAYS_SEARCH_USER_PATHS = NO;
				CLANG_ANALYZER_NONNULL = YES;
				CLANG_ANALYZER_NUMBER_OBJECT_CONVERSION = YES_AGGRESSIVE;
				CLANG_CXX_LANGUAGE_STANDARD = "gnu++0x";
				CLANG_CXX_LIBRARY = "libc++";
				CLANG_ENABLE_MODULES = YES;
				CLANG_ENABLE_OBJC_ARC = YES;
				CLANG_WARN_BOOL_CONVERSION = YES;
				CLANG_WARN_CONSTANT_CONVERSION = YES;
				CLANG_WARN_DIRECT_OBJC_ISA_USAGE = YES_ERROR;
				CLANG_WARN_DOCUMENTATION_COMMENTS = YES;
				CLANG_WARN_EMPTY_BODY = YES;
				CLANG_WARN_ENUM_CONVERSION = YES;
				CLANG_WARN_INFINITE_RECURSION = YES;
				CLANG_WARN_INT_CONVERSION = YES;
				CLANG_WARN_OBJC_ROOT_CLASS = YES_ERROR;
				CLANG_WARN_SUSPICIOUS_MOVE = YES;
				CLANG_WARN_UNREACHABLE_CODE = YES;
				CLANG_WARN__DUPLICATE_METHOD_MATCH = YES;
				COPY_PHASE_STRIP = NO;
				DEBUG_INFORMATION_FORMAT = "dwarf-with-dsym";
				ENABLE_NS_ASSERTIONS = NO;
				ENABLE_STRICT_OBJC_MSGSEND = YES;
				GCC_C_LANGUAGE_STANDARD = gnu99;
				GCC_NO_COMMON_BLOCKS = YES;
				GCC_WARN_64_TO_32_BIT_CONVERSION = YES;
				GCC_WARN_ABOUT_RETURN_TYPE = YES_ERROR;
				GCC_WARN_UNDECLARED_SELECTOR = YES;
				GCC_WARN_UNINITIALIZED_AUTOS = YES_AGGRESSIVE;
				GCC_WARN_UNUSED_FUNCTION = YES;
				GCC_WARN_UNUSED_VARIABLE = YES;
				MTL_ENABLE_DEBUG_INFO = NO;
				SDKROOT = appletvos;
				SWIFT_OPTIMIZATION_LEVEL = "-Owholemodule";
				TARGETED_DEVICE_FAMILY = 3;
				TVOS_DEPLOYMENT_TARGET = 10.2;
				VALIDATE_PRODUCT = YES;
			};
			name = Release;
		};
		4F296AB61EB3C56500301B0C /* Debug */ = {
			isa = XCBuildConfiguration;
			buildSettings = {
				ASSETCATALOG_COMPILER_APPICON_NAME = "App Icon & Top Shelf Image";
				ASSETCATALOG_COMPILER_LAUNCHIMAGE_NAME = LaunchImage;
				DEVELOPMENT_TEAM = H66RQHXQ44;
				INFOPLIST_FILE = mynews/Info.plist;
				LD_RUNPATH_SEARCH_PATHS = "$(inherited) @executable_path/Frameworks";
				PRODUCT_BUNDLE_IDENTIFIER = de.alexnat.photo.mynews;
				PRODUCT_NAME = "$(TARGET_NAME)";
				SWIFT_VERSION = 3.0;
			};
			name = Debug;
		};
		4F296AB71EB3C56500301B0C /* Release */ = {
			isa = XCBuildConfiguration;
			buildSettings = {
				ASSETCATALOG_COMPILER_APPICON_NAME = "App Icon & Top Shelf Image";
				ASSETCATALOG_COMPILER_LAUNCHIMAGE_NAME = LaunchImage;
				DEVELOPMENT_TEAM = H66RQHXQ44;
				INFOPLIST_FILE = mynews/Info.plist;
				LD_RUNPATH_SEARCH_PATHS = "$(inherited) @executable_path/Frameworks";
				PRODUCT_BUNDLE_IDENTIFIER = de.alexnat.photo.mynews;
				PRODUCT_NAME = "$(TARGET_NAME)";
				SWIFT_VERSION = 3.0;
			};
			name = Release;
		};
/* End XCBuildConfiguration section */

/* Begin XCConfigurationList section */
		4F296A9F1EB3C56500301B0C /* Build configuration list for PBXProject "mynews" */ = {
			isa = XCConfigurationList;
			buildConfigurations = (
				4F296AB31EB3C56500301B0C /* Debug */,
				4F296AB41EB3C56500301B0C /* Release */,
			);
			defaultConfigurationIsVisible = 0;
			defaultConfigurationName = Release;
		};
		4F296AB51EB3C56500301B0C /* Build configuration list for PBXNativeTarget "mynews" */ = {
			isa = XCConfigurationList;
			buildConfigurations = (
				4F296AB61EB3C56500301B0C /* Debug */,
				4F296AB71EB3C56500301B0C /* Release */,
			);
			defaultConfigurationIsVisible = 0;
			defaultConfigurationName = Release;
		};
/* End XCConfigurationList section */
	};
	rootObject = 4F296A9C1EB3C56500301B0C /* Project object */;
}
